
Microsoft Visual Studio Solution File, Format Version 12.00
# Visual Studio Version 17
VisualStudioVersion = 17.2.32630.192
MinimumVisualStudioVersion = 10.0.40219.1
Project("{FAE04EC0-301F-11D3-BF4B-00C04F79EFBC}") = "ByteBank ADM", "ByteBank ADM\ByteBank ADM.csproj", "{A3D82E35-D4CB-40AF-AA38-1386AC606627}"
EndProject
Global
	GlobalSection(SolutionConfigurationPlatforms) = preSolution
		Debug|Any CPU = Debug|Any CPU
		Release|Any CPU = Release|Any CPU
	EndGlobalSection
	GlobalSection(ProjectConfigurationPlatforms) = postSolution
		{A3D82E35-D4CB-40AF-AA38-1386AC606627}.Debug|Any CPU.ActiveCfg = Debug|Any CPU
		{A3D82E35-D4CB-40AF-AA38-1386AC606627}.Debug|Any CPU.Build.0 = Debug|Any CPU
		{A3D82E35-D4CB-40AF-AA38-1386AC606627}.Release|Any CPU.ActiveCfg = Release|Any CPU
		{A3D82E35-D4CB-40AF-AA38-1386AC606627}.Release|Any CPU.Build.0 = Release|Any CPU
	EndGlobalSection
	GlobalSection(SolutionProperties) = preSolution
		HideSolutionNode = FALSE
	EndGlobalSection
	GlobalSection(ExtensibilityGlobals) = postSolution
		SolutionGuid = {D0C1C7D4-5833-4A99-BC70-CEA77B2FB9C1}
	EndGlobalSection
EndGlobal
